
Microsoft Visual Studio Solution File, Format Version 12.00
# Visual Studio Version 16
VisualStudioVersion = 16.0.30523.141
MinimumVisualStudioVersion = 10.0.40219.1
Project("{8BC9CEB8-8B4A-11D0-8D11-00A0C91BC942}") = "JAproj", "JAproj.vcxproj", "{A88AFE15-5C59-4456-93FB-59C3509C9DBA}"
EndProject
Project("{8BC9CEB8-8B4A-11D0-8D11-00A0C91BC942}") = "PrewittCpp", "..\PrewittCpp\PrewittCpp.vcxproj", "{4979BA40-208F-470B-92D0-06898F1FEBA6}"
EndProject
Global
	GlobalSection(SolutionConfigurationPlatforms) = preSolution
		Debug|x64 = Debug|x64
		Debug|x86 = Debug|x86
		Release|x64 = Release|x64
		Release|x86 = Release|x86
	EndGlobalSection
	GlobalSection(ProjectConfigurationPlatforms) = postSolution
		{A88AFE15-5C59-4456-93FB-59C3509C9DBA}.Debug|x64.ActiveCfg = Debug|x64
		{A88AFE15-5C59-4456-93FB-59C3509C9DBA}.Debug|x64.Build.0 = Debug|x64
		{A88AFE15-5C59-4456-93FB-59C3509C9DBA}.Debug|x86.ActiveCfg = Debug|x64
		{A88AFE15-5C59-4456-93FB-59C3509C9DBA}.Release|x64.ActiveCfg = Release|x64
		{A88AFE15-5C59-4456-93FB-59C3509C9DBA}.Release|x64.Build.0 = Release|x64
		{A88AFE15-5C59-4456-93FB-59C3509C9DBA}.Release|x86.ActiveCfg = Release|x64
		{4979BA40-208F-470B-92D0-06898F1FEBA6}.Debug|x64.ActiveCfg = Debug|x64
		{4979BA40-208F-470B-92D0-06898F1FEBA6}.Debug|x64.Build.0 = Debug|x64
		{4979BA40-208F-470B-92D0-06898F1FEBA6}.Debug|x86.ActiveCfg = Debug|Win32
		{4979BA40-208F-470B-92D0-06898F1FEBA6}.Debug|x86.Build.0 = Debug|Win32
		{4979BA40-208F-470B-92D0-06898F1FEBA6}.Release|x64.ActiveCfg = Release|x64
		{4979BA40-208F-470B-92D0-06898F1FEBA6}.Release|x64.Build.0 = Release|x64
		{4979BA40-208F-470B-92D0-06898F1FEBA6}.Release|x86.ActiveCfg = Release|Win32
		{4979BA40-208F-470B-92D0-06898F1FEBA6}.Release|x86.Build.0 = Release|Win32
	EndGlobalSection
	GlobalSection(SolutionProperties) = preSolution
		HideSolutionNode = FALSE
	EndGlobalSection
	GlobalSection(ExtensibilityGlobals) = postSolution
		SolutionGuid = {1E096920-6604-4DD5-8488-37FEA7883069}
	EndGlobalSection
EndGlobal
